
Microsoft Visual Studio Solution File, Format Version 12.00
# Visual Studio Version 17
VisualStudioVersion = 17.8.34525.116
MinimumVisualStudioVersion = 10.0.40219.1
Project("{FAE04EC0-301F-11D3-BF4B-00C04F79EFBC}") = "Lab_8", "Lab_8\Lab_8.csproj", "{5B12A81A-3D0C-471C-ACB6-5B5F811BFD15}"
EndProject
Global
	GlobalSection(SolutionConfigurationPlatforms) = preSolution
		Debug|Any CPU = Debug|Any CPU
		Release|Any CPU = Release|Any CPU
	EndGlobalSection
	GlobalSection(ProjectConfigurationPlatforms) = postSolution
		{5B12A81A-3D0C-471C-ACB6-5B5F811BFD15}.Debug|Any CPU.ActiveCfg = Debug|Any CPU
		{5B12A81A-3D0C-471C-ACB6-5B5F811BFD15}.Debug|Any CPU.Build.0 = Debug|Any CPU
		{5B12A81A-3D0C-471C-ACB6-5B5F811BFD15}.Release|Any CPU.ActiveCfg = Release|Any CPU
		{5B12A81A-3D0C-471C-ACB6-5B5F811BFD15}.Release|Any CPU.Build.0 = Release|Any CPU
	EndGlobalSection
	GlobalSection(SolutionProperties) = preSolution
		HideSolutionNode = FALSE
	EndGlobalSection
	GlobalSection(ExtensibilityGlobals) = postSolution
		SolutionGuid = {240996DB-3316-4AC5-A4C1-24D41EA0057C}
	EndGlobalSection
EndGlobal
